{
  "name": "hello-world-external-deps",
  "version": "1.0.0",
  "lockfileVersion": 3,
  "requires": true,
  "packages": {
    "": {
      "name": "hello-world-external-deps",
      "version": "1.0.0",
      "dependencies": {
        "colors": "https://github.com/Marak/colors.js/archive/refs/tags/v1.4.0.tar.gz"
      }
    },
    "node_modules/colors": {
      "version": "1.4.0",
      "resolved": "https://github.com/Marak/colors.js/archive/refs/tags/v1.4.0.tar.gz",
      "integrity": "sha512-LX/xiCUOxIc07ILNtZwflVZRlHcSMYryDCJ6OM3DDXa/i6RjTbd5cFpLrTcySZEFk4YgylSMVv9wlfE5Lu1rKg==",
      "license": "MIT",
      "engines": {
        "node": ">=0.1.90"
      }
    }
  }
}
